
Microsoft Visual Studio Solution File, Format Version 12.00
# Visual Studio 2012
Project("{FAE04EC0-301F-11D3-BF4B-00C04F79EFBC}") = "DiContainer", "DiContainer.csproj", "{3B4B88D8-3129-44D9-938E-C83BC257B388}"
EndProject
Project("{FAE04EC0-301F-11D3-BF4B-00C04F79EFBC}") = "Common", "..\..\Common\Common\Common.csproj", "{9666892F-031A-4E8D-BC27-1A57A3F4F3D6}"
EndProject
Project("{FAE04EC0-301F-11D3-BF4B-00C04F79EFBC}") = "DiContainer.Tests", "DiContainer.Tests\DiContainer.Tests.csproj", "{A954C75B-BDA5-4A0F-9D14-901F4C2A76C9}"
EndProject
Global
	GlobalSection(TeamFoundationVersionControl) = preSolution
		SccNumberOfProjects = 4
		SccEnterpriseProvider = {4CA58AB2-18FA-4F8D-95D4-32DDF27D184C}
		SccTeamFoundationServer = https://eouw0o83hf.tfspreview.com/defaultcollection
		SccLocalPath0 = .
		SccProjectUniqueName1 = DiContainer.csproj
		SccLocalPath1 = .
		SccProjectUniqueName2 = ..\\..\\Common\\Common\\Common.csproj
		SccProjectName2 = ../../Common/Common
		SccLocalPath2 = ..\\..\\Common\\Common
		SccProjectUniqueName3 = DiContainer.Tests\\DiContainer.Tests.csproj
		SccProjectName3 = DiContainer.Tests
		SccLocalPath3 = DiContainer.Tests
	EndGlobalSection
	GlobalSection(SolutionConfigurationPlatforms) = preSolution
		Debug|Any CPU = Debug|Any CPU
		Release|Any CPU = Release|Any CPU
	EndGlobalSection
	GlobalSection(ProjectConfigurationPlatforms) = postSolution
		{3B4B88D8-3129-44D9-938E-C83BC257B388}.Debug|Any CPU.ActiveCfg = Debug|Any CPU
		{3B4B88D8-3129-44D9-938E-C83BC257B388}.Debug|Any CPU.Build.0 = Debug|Any CPU
		{3B4B88D8-3129-44D9-938E-C83BC257B388}.Release|Any CPU.ActiveCfg = Release|Any CPU
		{3B4B88D8-3129-44D9-938E-C83BC257B388}.Release|Any CPU.Build.0 = Release|Any CPU
		{9666892F-031A-4E8D-BC27-1A57A3F4F3D6}.Debug|Any CPU.ActiveCfg = Debug|Any CPU
		{9666892F-031A-4E8D-BC27-1A57A3F4F3D6}.Debug|Any CPU.Build.0 = Debug|Any CPU
		{9666892F-031A-4E8D-BC27-1A57A3F4F3D6}.Release|Any CPU.ActiveCfg = Release|Any CPU
		{9666892F-031A-4E8D-BC27-1A57A3F4F3D6}.Release|Any CPU.Build.0 = Release|Any CPU
		{A954C75B-BDA5-4A0F-9D14-901F4C2A76C9}.Debug|Any CPU.ActiveCfg = Debug|Any CPU
		{A954C75B-BDA5-4A0F-9D14-901F4C2A76C9}.Debug|Any CPU.Build.0 = Debug|Any CPU
		{A954C75B-BDA5-4A0F-9D14-901F4C2A76C9}.Release|Any CPU.ActiveCfg = Release|Any CPU
		{A954C75B-BDA5-4A0F-9D14-901F4C2A76C9}.Release|Any CPU.Build.0 = Release|Any CPU
	EndGlobalSection
	GlobalSection(SolutionProperties) = preSolution
		HideSolutionNode = FALSE
	EndGlobalSection
EndGlobal
