
Microsoft Visual Studio Solution File, Format Version 12.00
# Visual Studio Express 2012 for Web
Project("{FAE04EC0-301F-11D3-BF4B-00C04F79EFBC}") = "Blog.Web", "Blog.Web\Blog.Web.csproj", "{FB42EC03-FB5D-442C-B4B5-2D67E61F3E1D}"
EndProject
Project("{FAE04EC0-301F-11D3-BF4B-00C04F79EFBC}") = "Blog.Data", "Blog.Data\Blog.Data.csproj", "{9669472B-DCE6-4D0D-833E-C616DF4C49AA}"
EndProject
Project("{FAE04EC0-301F-11D3-BF4B-00C04F79EFBC}") = "Blog.Models", "Blog.Models\Blog.Models.csproj", "{34337FF4-613A-4301-ACEB-C379A1C4AC70}"
EndProject
Project("{FAE04EC0-301F-11D3-BF4B-00C04F79EFBC}") = "Blog.Service", "Blog.Service\Blog.Service.csproj", "{BEF3B9B1-91D4-467B-B0E8-CED806D9EE77}"
EndProject
Project("{FAE04EC0-301F-11D3-BF4B-00C04F79EFBC}") = "Common", "..\Common\Common\Common.csproj", "{9666892F-031A-4E8D-BC27-1A57A3F4F3D6}"
EndProject
Project("{FAE04EC0-301F-11D3-BF4B-00C04F79EFBC}") = "DbSync", "..\Common\DbSync\DbSync.csproj", "{204A0476-939D-4666-9F7A-5F97073089C0}"
EndProject
Project("{FAE04EC0-301F-11D3-BF4B-00C04F79EFBC}") = "CodeExamples", "CodeExamples\CodeExamples.csproj", "{75165FA7-86B8-47CA-823A-3CB95077501D}"
EndProject
Global
	GlobalSection(TeamFoundationVersionControl) = preSolution
		SccNumberOfProjects = 8
		SccEnterpriseProvider = {4CA58AB2-18FA-4F8D-95D4-32DDF27D184C}
		SccTeamFoundationServer = https://eouw0o83hf.visualstudio.com/defaultcollection
		SccLocalPath0 = .
		SccProjectUniqueName1 = Blog.Web\\Blog.Web.csproj
		SccProjectName1 = Blog.Web
		SccLocalPath1 = Blog.Web
		SccProjectUniqueName2 = Blog.Data\\Blog.Data.csproj
		SccProjectName2 = Blog.Data
		SccLocalPath2 = Blog.Data
		SccProjectUniqueName3 = Blog.Models\\Blog.Models.csproj
		SccProjectName3 = Blog.Models
		SccLocalPath3 = Blog.Models
		SccProjectUniqueName4 = Blog.Service\\Blog.Service.csproj
		SccProjectName4 = Blog.Service
		SccLocalPath4 = Blog.Service
		SccProjectUniqueName5 = ..\\Common\\Common\\Common.csproj
		SccProjectName5 = ../Common/Common
		SccLocalPath5 = ..\\Common\\Common
		SccProjectUniqueName6 = ..\\Common\\DbSync\\DbSync.csproj
		SccProjectName6 = ../Common/DbSync
		SccLocalPath6 = ..\\Common\\DbSync
		SccProjectUniqueName7 = CodeExamples\\CodeExamples.csproj
		SccProjectName7 = CodeExamples
		SccLocalPath7 = CodeExamples
	EndGlobalSection
	GlobalSection(SolutionConfigurationPlatforms) = preSolution
		Debug|Any CPU = Debug|Any CPU
		Release|Any CPU = Release|Any CPU
	EndGlobalSection
	GlobalSection(ProjectConfigurationPlatforms) = postSolution
		{FB42EC03-FB5D-442C-B4B5-2D67E61F3E1D}.Debug|Any CPU.ActiveCfg = Debug|Any CPU
		{FB42EC03-FB5D-442C-B4B5-2D67E61F3E1D}.Debug|Any CPU.Build.0 = Debug|Any CPU
		{FB42EC03-FB5D-442C-B4B5-2D67E61F3E1D}.Release|Any CPU.ActiveCfg = Release|Any CPU
		{FB42EC03-FB5D-442C-B4B5-2D67E61F3E1D}.Release|Any CPU.Build.0 = Release|Any CPU
		{9669472B-DCE6-4D0D-833E-C616DF4C49AA}.Debug|Any CPU.ActiveCfg = Debug|Any CPU
		{9669472B-DCE6-4D0D-833E-C616DF4C49AA}.Debug|Any CPU.Build.0 = Debug|Any CPU
		{9669472B-DCE6-4D0D-833E-C616DF4C49AA}.Release|Any CPU.ActiveCfg = Release|Any CPU
		{9669472B-DCE6-4D0D-833E-C616DF4C49AA}.Release|Any CPU.Build.0 = Release|Any CPU
		{34337FF4-613A-4301-ACEB-C379A1C4AC70}.Debug|Any CPU.ActiveCfg = Debug|Any CPU
		{34337FF4-613A-4301-ACEB-C379A1C4AC70}.Debug|Any CPU.Build.0 = Debug|Any CPU
		{34337FF4-613A-4301-ACEB-C379A1C4AC70}.Release|Any CPU.ActiveCfg = Release|Any CPU
		{34337FF4-613A-4301-ACEB-C379A1C4AC70}.Release|Any CPU.Build.0 = Release|Any CPU
		{BEF3B9B1-91D4-467B-B0E8-CED806D9EE77}.Debug|Any CPU.ActiveCfg = Debug|Any CPU
		{BEF3B9B1-91D4-467B-B0E8-CED806D9EE77}.Debug|Any CPU.Build.0 = Debug|Any CPU
		{BEF3B9B1-91D4-467B-B0E8-CED806D9EE77}.Release|Any CPU.ActiveCfg = Release|Any CPU
		{BEF3B9B1-91D4-467B-B0E8-CED806D9EE77}.Release|Any CPU.Build.0 = Release|Any CPU
		{9666892F-031A-4E8D-BC27-1A57A3F4F3D6}.Debug|Any CPU.ActiveCfg = Debug|Any CPU
		{9666892F-031A-4E8D-BC27-1A57A3F4F3D6}.Debug|Any CPU.Build.0 = Debug|Any CPU
		{9666892F-031A-4E8D-BC27-1A57A3F4F3D6}.Release|Any CPU.ActiveCfg = Release|Any CPU
		{9666892F-031A-4E8D-BC27-1A57A3F4F3D6}.Release|Any CPU.Build.0 = Release|Any CPU
		{204A0476-939D-4666-9F7A-5F97073089C0}.Debug|Any CPU.ActiveCfg = Debug|Any CPU
		{204A0476-939D-4666-9F7A-5F97073089C0}.Debug|Any CPU.Build.0 = Debug|Any CPU
		{204A0476-939D-4666-9F7A-5F97073089C0}.Release|Any CPU.ActiveCfg = Release|Any CPU
		{204A0476-939D-4666-9F7A-5F97073089C0}.Release|Any CPU.Build.0 = Release|Any CPU
		{75165FA7-86B8-47CA-823A-3CB95077501D}.Debug|Any CPU.ActiveCfg = Debug|Any CPU
		{75165FA7-86B8-47CA-823A-3CB95077501D}.Debug|Any CPU.Build.0 = Debug|Any CPU
		{75165FA7-86B8-47CA-823A-3CB95077501D}.Release|Any CPU.ActiveCfg = Release|Any CPU
		{75165FA7-86B8-47CA-823A-3CB95077501D}.Release|Any CPU.Build.0 = Release|Any CPU
	EndGlobalSection
	GlobalSection(SolutionProperties) = preSolution
		HideSolutionNode = FALSE
	EndGlobalSection
EndGlobal
